
Microsoft Visual Studio Solution File, Format Version 12.00
# Visual Studio Version 16
VisualStudioVersion = 16.0.31424.327
MinimumVisualStudioVersion = 10.0.40219.1
Project("{FAE04EC0-301F-11D3-BF4B-00C04F79EFBC}") = "CapaVista", "CapaVista\CapaVista.csproj", "{CC07DE4B-CC5B-49DC-BBB9-9B5B38032DCC}"
EndProject
Project("{FAE04EC0-301F-11D3-BF4B-00C04F79EFBC}") = "CapaControlador", "CapaControlador\CapaControlador.csproj", "{A908B64F-E47E-4E45-BE45-27A04A5665C7}"
EndProject
Project("{FAE04EC0-301F-11D3-BF4B-00C04F79EFBC}") = "CapaModelo", "CapaModelo\CapaModelo.csproj", "{9F4567FD-EA46-414F-82D0-A57B381D44E6}"
EndProject
Global
	GlobalSection(SolutionConfigurationPlatforms) = preSolution
		Debug|Any CPU = Debug|Any CPU
		Release|Any CPU = Release|Any CPU
	EndGlobalSection
	GlobalSection(ProjectConfigurationPlatforms) = postSolution
		{CC07DE4B-CC5B-49DC-BBB9-9B5B38032DCC}.Debug|Any CPU.ActiveCfg = Debug|Any CPU
		{CC07DE4B-CC5B-49DC-BBB9-9B5B38032DCC}.Debug|Any CPU.Build.0 = Debug|Any CPU
		{CC07DE4B-CC5B-49DC-BBB9-9B5B38032DCC}.Release|Any CPU.ActiveCfg = Release|Any CPU
		{CC07DE4B-CC5B-49DC-BBB9-9B5B38032DCC}.Release|Any CPU.Build.0 = Release|Any CPU
		{A908B64F-E47E-4E45-BE45-27A04A5665C7}.Debug|Any CPU.ActiveCfg = Debug|Any CPU
		{A908B64F-E47E-4E45-BE45-27A04A5665C7}.Debug|Any CPU.Build.0 = Debug|Any CPU
		{A908B64F-E47E-4E45-BE45-27A04A5665C7}.Release|Any CPU.ActiveCfg = Release|Any CPU
		{A908B64F-E47E-4E45-BE45-27A04A5665C7}.Release|Any CPU.Build.0 = Release|Any CPU
		{9F4567FD-EA46-414F-82D0-A57B381D44E6}.Debug|Any CPU.ActiveCfg = Debug|Any CPU
		{9F4567FD-EA46-414F-82D0-A57B381D44E6}.Debug|Any CPU.Build.0 = Debug|Any CPU
		{9F4567FD-EA46-414F-82D0-A57B381D44E6}.Release|Any CPU.ActiveCfg = Release|Any CPU
		{9F4567FD-EA46-414F-82D0-A57B381D44E6}.Release|Any CPU.Build.0 = Release|Any CPU
	EndGlobalSection
	GlobalSection(SolutionProperties) = preSolution
		HideSolutionNode = FALSE
	EndGlobalSection
	GlobalSection(ExtensibilityGlobals) = postSolution
		SolutionGuid = {F62FEE04-66F5-4119-8B4B-37A5FA6D034F}
	EndGlobalSection
EndGlobal
